
Microsoft Visual Studio Solution File, Format Version 12.00
# Visual Studio 15
VisualStudioVersion = 15.0.27703.2042
MinimumVisualStudioVersion = 10.0.40219.1
Project("{FAE04EC0-301F-11D3-BF4B-00C04F79EFBC}") = "LTP2DatabaseFirst", "LTP2DatabaseFirst\LTP2DatabaseFirst.csproj", "{7993C4A1-3EC0-4D48-85D2-E4B13CB4D096}"
EndProject
Global
	GlobalSection(SolutionConfigurationPlatforms) = preSolution
		Debug|Any CPU = Debug|Any CPU
		Release|Any CPU = Release|Any CPU
	EndGlobalSection
	GlobalSection(ProjectConfigurationPlatforms) = postSolution
		{7993C4A1-3EC0-4D48-85D2-E4B13CB4D096}.Debug|Any CPU.ActiveCfg = Debug|Any CPU
		{7993C4A1-3EC0-4D48-85D2-E4B13CB4D096}.Debug|Any CPU.Build.0 = Debug|Any CPU
		{7993C4A1-3EC0-4D48-85D2-E4B13CB4D096}.Release|Any CPU.ActiveCfg = Release|Any CPU
		{7993C4A1-3EC0-4D48-85D2-E4B13CB4D096}.Release|Any CPU.Build.0 = Release|Any CPU
	EndGlobalSection
	GlobalSection(SolutionProperties) = preSolution
		HideSolutionNode = FALSE
	EndGlobalSection
	GlobalSection(ExtensibilityGlobals) = postSolution
		SolutionGuid = {9C2AA542-7BA3-4A65-BA4C-911BC9EE4149}
	EndGlobalSection
EndGlobal
