
Microsoft Visual Studio Solution File, Format Version 12.00
# Visual Studio 15
VisualStudioVersion = 15.0.27703.2042
MinimumVisualStudioVersion = 10.0.40219.1
Project("{FAE04EC0-301F-11D3-BF4B-00C04F79EFBC}") = "MVC2018CodeFirst001", "MVC2018CodeFirst001\MVC2018CodeFirst001.csproj", "{888CF664-C6E7-4C2C-AABF-86EACC1FB670}"
EndProject
Global
	GlobalSection(SolutionConfigurationPlatforms) = preSolution
		Debug|Any CPU = Debug|Any CPU
		Release|Any CPU = Release|Any CPU
	EndGlobalSection
	GlobalSection(ProjectConfigurationPlatforms) = postSolution
		{888CF664-C6E7-4C2C-AABF-86EACC1FB670}.Debug|Any CPU.ActiveCfg = Debug|Any CPU
		{888CF664-C6E7-4C2C-AABF-86EACC1FB670}.Debug|Any CPU.Build.0 = Debug|Any CPU
		{888CF664-C6E7-4C2C-AABF-86EACC1FB670}.Release|Any CPU.ActiveCfg = Release|Any CPU
		{888CF664-C6E7-4C2C-AABF-86EACC1FB670}.Release|Any CPU.Build.0 = Release|Any CPU
	EndGlobalSection
	GlobalSection(SolutionProperties) = preSolution
		HideSolutionNode = FALSE
	EndGlobalSection
	GlobalSection(ExtensibilityGlobals) = postSolution
		SolutionGuid = {499315E6-EC0E-4462-83EC-C47887F31B85}
	EndGlobalSection
EndGlobal
