
Microsoft Visual Studio Solution File, Format Version 12.00
# Visual Studio 15
VisualStudioVersion = 15.0.27703.2042
MinimumVisualStudioVersion = 10.0.40219.1
Project("{FAE04EC0-301F-11D3-BF4B-00C04F79EFBC}") = "DatabaseFirstMySql", "DatabaseFirstMySql\DatabaseFirstMySql.csproj", "{BC757666-5EC3-40C3-803A-DBE85626A812}"
EndProject
Global
	GlobalSection(SolutionConfigurationPlatforms) = preSolution
		Debug|Any CPU = Debug|Any CPU
		Release|Any CPU = Release|Any CPU
	EndGlobalSection
	GlobalSection(ProjectConfigurationPlatforms) = postSolution
		{BC757666-5EC3-40C3-803A-DBE85626A812}.Debug|Any CPU.ActiveCfg = Debug|Any CPU
		{BC757666-5EC3-40C3-803A-DBE85626A812}.Debug|Any CPU.Build.0 = Debug|Any CPU
		{BC757666-5EC3-40C3-803A-DBE85626A812}.Release|Any CPU.ActiveCfg = Release|Any CPU
		{BC757666-5EC3-40C3-803A-DBE85626A812}.Release|Any CPU.Build.0 = Release|Any CPU
	EndGlobalSection
	GlobalSection(SolutionProperties) = preSolution
		HideSolutionNode = FALSE
	EndGlobalSection
	GlobalSection(ExtensibilityGlobals) = postSolution
		SolutionGuid = {4B47FC2B-C9CD-46C5-8BF8-38107948FF10}
	EndGlobalSection
EndGlobal
