
Microsoft Visual Studio Solution File, Format Version 12.00
# Visual Studio 15
VisualStudioVersion = 15.0.27703.2042
MinimumVisualStudioVersion = 10.0.40219.1
Project("{FAE04EC0-301F-11D3-BF4B-00C04F79EFBC}") = "SistemaExemplo", "SistemaExemplo\SistemaExemplo.csproj", "{8580D8A4-A40D-42A5-B98B-7D3E2201BF35}"
EndProject
Global
	GlobalSection(SolutionConfigurationPlatforms) = preSolution
		Debug|Any CPU = Debug|Any CPU
		Release|Any CPU = Release|Any CPU
	EndGlobalSection
	GlobalSection(ProjectConfigurationPlatforms) = postSolution
		{8580D8A4-A40D-42A5-B98B-7D3E2201BF35}.Debug|Any CPU.ActiveCfg = Debug|Any CPU
		{8580D8A4-A40D-42A5-B98B-7D3E2201BF35}.Debug|Any CPU.Build.0 = Debug|Any CPU
		{8580D8A4-A40D-42A5-B98B-7D3E2201BF35}.Release|Any CPU.ActiveCfg = Release|Any CPU
		{8580D8A4-A40D-42A5-B98B-7D3E2201BF35}.Release|Any CPU.Build.0 = Release|Any CPU
	EndGlobalSection
	GlobalSection(SolutionProperties) = preSolution
		HideSolutionNode = FALSE
	EndGlobalSection
	GlobalSection(ExtensibilityGlobals) = postSolution
		SolutionGuid = {DD774AEF-066B-46A2-9E61-D71A7F9E54CE}
	EndGlobalSection
EndGlobal
